
Microsoft Visual Studio Solution File, Format Version 12.00
# Visual Studio Version 17
VisualStudioVersion = 17.9.34723.18
MinimumVisualStudioVersion = 10.0.40219.1
Project("{9A19103F-16F7-4668-BE54-9A1E7A4F7556}") = "Module25.EF_go1", "Module25.EF_go1\Module25.EF_go1.csproj", "{4BF61C3B-BAC8-48CB-9E07-FDBC4ECFE068}"
EndProject
Project("{9A19103F-16F7-4668-BE54-9A1E7A4F7556}") = "Module25.Final", "Module25.Final\Module25.Final.csproj", "{77CA7492-F8E3-4E65-A533-E4EC4AD3AAAF}"
EndProject
Project("{FAE04EC0-301F-11D3-BF4B-00C04F79EFBC}") = "Module25.Final.Tests", "Module25.Final.Tests\Module25.Final.Tests.csproj", "{195B2784-3330-473E-9313-D417B4E9A27F}"
EndProject
Global
	GlobalSection(SolutionConfigurationPlatforms) = preSolution
		Debug|Any CPU = Debug|Any CPU
		Release|Any CPU = Release|Any CPU
	EndGlobalSection
	GlobalSection(ProjectConfigurationPlatforms) = postSolution
		{4BF61C3B-BAC8-48CB-9E07-FDBC4ECFE068}.Debug|Any CPU.ActiveCfg = Debug|Any CPU
		{4BF61C3B-BAC8-48CB-9E07-FDBC4ECFE068}.Debug|Any CPU.Build.0 = Debug|Any CPU
		{4BF61C3B-BAC8-48CB-9E07-FDBC4ECFE068}.Release|Any CPU.ActiveCfg = Release|Any CPU
		{4BF61C3B-BAC8-48CB-9E07-FDBC4ECFE068}.Release|Any CPU.Build.0 = Release|Any CPU
		{77CA7492-F8E3-4E65-A533-E4EC4AD3AAAF}.Debug|Any CPU.ActiveCfg = Debug|Any CPU
		{77CA7492-F8E3-4E65-A533-E4EC4AD3AAAF}.Debug|Any CPU.Build.0 = Debug|Any CPU
		{77CA7492-F8E3-4E65-A533-E4EC4AD3AAAF}.Release|Any CPU.ActiveCfg = Release|Any CPU
		{77CA7492-F8E3-4E65-A533-E4EC4AD3AAAF}.Release|Any CPU.Build.0 = Release|Any CPU
		{195B2784-3330-473E-9313-D417B4E9A27F}.Debug|Any CPU.ActiveCfg = Debug|Any CPU
		{195B2784-3330-473E-9313-D417B4E9A27F}.Debug|Any CPU.Build.0 = Debug|Any CPU
		{195B2784-3330-473E-9313-D417B4E9A27F}.Release|Any CPU.ActiveCfg = Release|Any CPU
		{195B2784-3330-473E-9313-D417B4E9A27F}.Release|Any CPU.Build.0 = Release|Any CPU
	EndGlobalSection
	GlobalSection(SolutionProperties) = preSolution
		HideSolutionNode = FALSE
	EndGlobalSection
	GlobalSection(ExtensibilityGlobals) = postSolution
		SolutionGuid = {5E4589EE-9E5C-4335-BE7F-E36B4B00322B}
	EndGlobalSection
EndGlobal
